
Microsoft Visual Studio Solution File, Format Version 12.00
# Visual Studio Version 17
VisualStudioVersion = 17.14.36212.18 d17.14
MinimumVisualStudioVersion = 10.0.40219.1
Project("{FAE04EC0-301F-11D3-BF4B-00C04F79EFBC}") = "PetProject", "PetProject\PetProject.csproj", "{C30967FA-9B95-44FB-A4E5-D1114A3E1897}"
EndProject
Global
	GlobalSection(SolutionConfigurationPlatforms) = preSolution
		Debug|Any CPU = Debug|Any CPU
		Release|Any CPU = Release|Any CPU
	EndGlobalSection
	GlobalSection(ProjectConfigurationPlatforms) = postSolution
		{C30967FA-9B95-44FB-A4E5-D1114A3E1897}.Debug|Any CPU.ActiveCfg = Debug|Any CPU
		{C30967FA-9B95-44FB-A4E5-D1114A3E1897}.Debug|Any CPU.Build.0 = Debug|Any CPU
		{C30967FA-9B95-44FB-A4E5-D1114A3E1897}.Release|Any CPU.ActiveCfg = Release|Any CPU
		{C30967FA-9B95-44FB-A4E5-D1114A3E1897}.Release|Any CPU.Build.0 = Release|Any CPU
	EndGlobalSection
	GlobalSection(SolutionProperties) = preSolution
		HideSolutionNode = FALSE
	EndGlobalSection
	GlobalSection(ExtensibilityGlobals) = postSolution
		SolutionGuid = {BB5564E4-A26E-470A-8E76-05F2D4CEC088}
	EndGlobalSection
EndGlobal
